
Microsoft Visual Studio Solution File, Format Version 12.00
# Visual Studio 15
VisualStudioVersion = 15.0.26730.15
MinimumVisualStudioVersion = 10.0.40219.1
Project("{FAE04EC0-301F-11D3-BF4B-00C04F79EFBC}") = "Phoneword.Android", "Phoneword\Phoneword.Android\Phoneword.Android.csproj", "{DF91E89D-CB26-4EF2-B8F7-26CE2C34501D}"
EndProject
Project("{FAE04EC0-301F-11D3-BF4B-00C04F79EFBC}") = "Phoneword", "Phoneword\Phoneword\Phoneword.csproj", "{FB7436E4-4008-4B3F-B59B-007AFFC9E725}"
EndProject
Project("{FAE04EC0-301F-11D3-BF4B-00C04F79EFBC}") = "Phoneword.UWP", "Phoneword\Phoneword.UWP\Phoneword.UWP.csproj", "{B61F5E69-A74A-40D7-9EA7-17A849E30E38}"
EndProject
Project("{FAE04EC0-301F-11D3-BF4B-00C04F79EFBC}") = "Phoneword.iOS", "Phoneword\Phoneword.iOS\Phoneword.iOS.csproj", "{02A82DBC-5C3E-4FBF-AA3F-0CE4BDE3B0C6}"
EndProject
Global
	GlobalSection(SolutionConfigurationPlatforms) = preSolution
		Ad-Hoc|Any CPU = Ad-Hoc|Any CPU
		Ad-Hoc|ARM = Ad-Hoc|ARM
		Ad-Hoc|iPhone = Ad-Hoc|iPhone
		Ad-Hoc|iPhoneSimulator = Ad-Hoc|iPhoneSimulator
		Ad-Hoc|x64 = Ad-Hoc|x64
		Ad-Hoc|x86 = Ad-Hoc|x86
		AppStore|Any CPU = AppStore|Any CPU
		AppStore|ARM = AppStore|ARM
		AppStore|iPhone = AppStore|iPhone
		AppStore|iPhoneSimulator = AppStore|iPhoneSimulator
		AppStore|x64 = AppStore|x64
		AppStore|x86 = AppStore|x86
		Debug|Any CPU = Debug|Any CPU
		Debug|ARM = Debug|ARM
		Debug|iPhone = Debug|iPhone
		Debug|iPhoneSimulator = Debug|iPhoneSimulator
		Debug|x64 = Debug|x64
		Debug|x86 = Debug|x86
		Release|Any CPU = Release|Any CPU
		Release|ARM = Release|ARM
		Release|iPhone = Release|iPhone
		Release|iPhoneSimulator = Release|iPhoneSimulator
		Release|x64 = Release|x64
		Release|x86 = Release|x86
	EndGlobalSection
	GlobalSection(ProjectConfigurationPlatforms) = postSolution
		{DF91E89D-CB26-4EF2-B8F7-26CE2C34501D}.Ad-Hoc|Any CPU.ActiveCfg = Release|Any CPU
		{DF91E89D-CB26-4EF2-B8F7-26CE2C34501D}.Ad-Hoc|Any CPU.Build.0 = Release|Any CPU
		{DF91E89D-CB26-4EF2-B8F7-26CE2C34501D}.Ad-Hoc|Any CPU.Deploy.0 = Release|Any CPU
		{DF91E89D-CB26-4EF2-B8F7-26CE2C34501D}.Ad-Hoc|ARM.ActiveCfg = Release|Any CPU
		{DF91E89D-CB26-4EF2-B8F7-26CE2C34501D}.Ad-Hoc|ARM.Build.0 = Release|Any CPU
		{DF91E89D-CB26-4EF2-B8F7-26CE2C34501D}.Ad-Hoc|ARM.Deploy.0 = Release|Any CPU
		{DF91E89D-CB26-4EF2-B8F7-26CE2C34501D}.Ad-Hoc|iPhone.ActiveCfg = Release|Any CPU
		{DF91E89D-CB26-4EF2-B8F7-26CE2C34501D}.Ad-Hoc|iPhone.Build.0 = Release|Any CPU
		{DF91E89D-CB26-4EF2-B8F7-26CE2C34501D}.Ad-Hoc|iPhone.Deploy.0 = Release|Any CPU
		{DF91E89D-CB26-4EF2-B8F7-26CE2C34501D}.Ad-Hoc|iPhoneSimulator.ActiveCfg = Release|Any CPU
		{DF91E89D-CB26-4EF2-B8F7-26CE2C34501D}.Ad-Hoc|iPhoneSimulator.Build.0 = Release|Any CPU
		{DF91E89D-CB26-4EF2-B8F7-26CE2C34501D}.Ad-Hoc|iPhoneSimulator.Deploy.0 = Release|Any CPU
		{DF91E89D-CB26-4EF2-B8F7-26CE2C34501D}.Ad-Hoc|x64.ActiveCfg = Release|Any CPU
		{DF91E89D-CB26-4EF2-B8F7-26CE2C34501D}.Ad-Hoc|x64.Build.0 = Release|Any CPU
		{DF91E89D-CB26-4EF2-B8F7-26CE2C34501D}.Ad-Hoc|x64.Deploy.0 = Release|Any CPU
		{DF91E89D-CB26-4EF2-B8F7-26CE2C34501D}.Ad-Hoc|x86.ActiveCfg = Release|Any CPU
		{DF91E89D-CB26-4EF2-B8F7-26CE2C34501D}.Ad-Hoc|x86.Build.0 = Release|Any CPU
		{DF91E89D-CB26-4EF2-B8F7-26CE2C34501D}.Ad-Hoc|x86.Deploy.0 = Release|Any CPU
		{DF91E89D-CB26-4EF2-B8F7-26CE2C34501D}.AppStore|Any CPU.ActiveCfg = Release|Any CPU
		{DF91E89D-CB26-4EF2-B8F7-26CE2C34501D}.AppStore|Any CPU.Build.0 = Release|Any CPU
		{DF91E89D-CB26-4EF2-B8F7-26CE2C34501D}.AppStore|Any CPU.Deploy.0 = Release|Any CPU
		{DF91E89D-CB26-4EF2-B8F7-26CE2C34501D}.AppStore|ARM.ActiveCfg = Release|Any CPU
		{DF91E89D-CB26-4EF2-B8F7-26CE2C34501D}.AppStore|ARM.Build.0 = Release|Any CPU
		{DF91E89D-CB26-4EF2-B8F7-26CE2C34501D}.AppStore|ARM.Deploy.0 = Release|Any CPU
		{DF91E89D-CB26-4EF2-B8F7-26CE2C34501D}.AppStore|iPhone.ActiveCfg = Release|Any CPU
		{DF91E89D-CB26-4EF2-B8F7-26CE2C34501D}.AppStore|iPhone.Build.0 = Release|Any CPU
		{DF91E89D-CB26-4EF2-B8F7-26CE2C34501D}.AppStore|iPhone.Deploy.0 = Release|Any CPU
		{DF91E89D-CB26-4EF2-B8F7-26CE2C34501D}.AppStore|iPhoneSimulator.ActiveCfg = Release|Any CPU
		{DF91E89D-CB26-4EF2-B8F7-26CE2C34501D}.AppStore|iPhoneSimulator.Build.0 = Release|Any CPU
		{DF91E89D-CB26-4EF2-B8F7-26CE2C34501D}.AppStore|iPhoneSimulator.Deploy.0 = Release|Any CPU
		{DF91E89D-CB26-4EF2-B8F7-26CE2C34501D}.AppStore|x64.ActiveCfg = Release|Any CPU
		{DF91E89D-CB26-4EF2-B8F7-26CE2C34501D}.AppStore|x64.Build.0 = Release|Any CPU
		{DF91E89D-CB26-4EF2-B8F7-26CE2C34501D}.AppStore|x64.Deploy.0 = Release|Any CPU
		{DF91E89D-CB26-4EF2-B8F7-26CE2C34501D}.AppStore|x86.ActiveCfg = Release|Any CPU
		{DF91E89D-CB26-4EF2-B8F7-26CE2C34501D}.AppStore|x86.Build.0 = Release|Any CPU
		{DF91E89D-CB26-4EF2-B8F7-26CE2C34501D}.AppStore|x86.Deploy.0 = Release|Any CPU
		{DF91E89D-CB26-4EF2-B8F7-26CE2C34501D}.Debug|Any CPU.ActiveCfg = Debug|Any CPU
		{DF91E89D-CB26-4EF2-B8F7-26CE2C34501D}.Debug|Any CPU.Build.0 = Debug|Any CPU
		{DF91E89D-CB26-4EF2-B8F7-26CE2C34501D}.Debug|Any CPU.Deploy.0 = Debug|Any CPU
		{DF91E89D-CB26-4EF2-B8F7-26CE2C34501D}.Debug|ARM.ActiveCfg = Debug|Any CPU
		{DF91E89D-CB26-4EF2-B8F7-26CE2C34501D}.Debug|ARM.Build.0 = Debug|Any CPU
		{DF91E89D-CB26-4EF2-B8F7-26CE2C34501D}.Debug|ARM.Deploy.0 = Debug|Any CPU
		{DF91E89D-CB26-4EF2-B8F7-26CE2C34501D}.Debug|iPhone.ActiveCfg = Debug|Any CPU
		{DF91E89D-CB26-4EF2-B8F7-26CE2C34501D}.Debug|iPhone.Build.0 = Debug|Any CPU
		{DF91E89D-CB26-4EF2-B8F7-26CE2C34501D}.Debug|iPhone.Deploy.0 = Debug|Any CPU
		{DF91E89D-CB26-4EF2-B8F7-26CE2C34501D}.Debug|iPhoneSimulator.ActiveCfg = Debug|Any CPU
		{DF91E89D-CB26-4EF2-B8F7-26CE2C34501D}.Debug|iPhoneSimulator.Build.0 = Debug|Any CPU
		{DF91E89D-CB26-4EF2-B8F7-26CE2C34501D}.Debug|iPhoneSimulator.Deploy.0 = Debug|Any CPU
		{DF91E89D-CB26-4EF2-B8F7-26CE2C34501D}.Debug|x64.ActiveCfg = Debug|Any CPU
		{DF91E89D-CB26-4EF2-B8F7-26CE2C34501D}.Debug|x64.Build.0 = Debug|Any CPU
		{DF91E89D-CB26-4EF2-B8F7-26CE2C34501D}.Debug|x64.Deploy.0 = Debug|Any CPU
		{DF91E89D-CB26-4EF2-B8F7-26CE2C34501D}.Debug|x86.ActiveCfg = Debug|Any CPU
		{DF91E89D-CB26-4EF2-B8F7-26CE2C34501D}.Debug|x86.Build.0 = Debug|Any CPU
		{DF91E89D-CB26-4EF2-B8F7-26CE2C34501D}.Debug|x86.Deploy.0 = Debug|Any CPU
		{DF91E89D-CB26-4EF2-B8F7-26CE2C34501D}.Release|Any CPU.ActiveCfg = Release|Any CPU
		{DF91E89D-CB26-4EF2-B8F7-26CE2C34501D}.Release|Any CPU.Build.0 = Release|Any CPU
		{DF91E89D-CB26-4EF2-B8F7-26CE2C34501D}.Release|Any CPU.Deploy.0 = Release|Any CPU
		{DF91E89D-CB26-4EF2-B8F7-26CE2C34501D}.Release|ARM.ActiveCfg = Release|Any CPU
		{DF91E89D-CB26-4EF2-B8F7-26CE2C34501D}.Release|ARM.Build.0 = Release|Any CPU
		{DF91E89D-CB26-4EF2-B8F7-26CE2C34501D}.Release|ARM.Deploy.0 = Release|Any CPU
		{DF91E89D-CB26-4EF2-B8F7-26CE2C34501D}.Release|iPhone.ActiveCfg = Release|Any CPU
		{DF91E89D-CB26-4EF2-B8F7-26CE2C34501D}.Release|iPhone.Build.0 = Release|Any CPU
		{DF91E89D-CB26-4EF2-B8F7-26CE2C34501D}.Release|iPhone.Deploy.0 = Release|Any CPU
		{DF91E89D-CB26-4EF2-B8F7-26CE2C34501D}.Release|iPhoneSimulator.ActiveCfg = Release|Any CPU
		{DF91E89D-CB26-4EF2-B8F7-26CE2C34501D}.Release|iPhoneSimulator.Build.0 = Release|Any CPU
		{DF91E89D-CB26-4EF2-B8F7-26CE2C34501D}.Release|iPhoneSimulator.Deploy.0 = Release|Any CPU
		{DF91E89D-CB26-4EF2-B8F7-26CE2C34501D}.Release|x64.ActiveCfg = Release|Any CPU
		{DF91E89D-CB26-4EF2-B8F7-26CE2C34501D}.Release|x64.Build.0 = Release|Any CPU
		{DF91E89D-CB26-4EF2-B8F7-26CE2C34501D}.Release|x64.Deploy.0 = Release|Any CPU
		{DF91E89D-CB26-4EF2-B8F7-26CE2C34501D}.Release|x86.ActiveCfg = Release|Any CPU
		{DF91E89D-CB26-4EF2-B8F7-26CE2C34501D}.Release|x86.Build.0 = Release|Any CPU
		{DF91E89D-CB26-4EF2-B8F7-26CE2C34501D}.Release|x86.Deploy.0 = Release|Any CPU
		{FB7436E4-4008-4B3F-B59B-007AFFC9E725}.Ad-Hoc|Any CPU.ActiveCfg = Release|Any CPU
		{FB7436E4-4008-4B3F-B59B-007AFFC9E725}.Ad-Hoc|Any CPU.Build.0 = Release|Any CPU
		{FB7436E4-4008-4B3F-B59B-007AFFC9E725}.Ad-Hoc|ARM.ActiveCfg = Release|Any CPU
		{FB7436E4-4008-4B3F-B59B-007AFFC9E725}.Ad-Hoc|ARM.Build.0 = Release|Any CPU
		{FB7436E4-4008-4B3F-B59B-007AFFC9E725}.Ad-Hoc|iPhone.ActiveCfg = Release|Any CPU
		{FB7436E4-4008-4B3F-B59B-007AFFC9E725}.Ad-Hoc|iPhone.Build.0 = Release|Any CPU
		{FB7436E4-4008-4B3F-B59B-007AFFC9E725}.Ad-Hoc|iPhoneSimulator.ActiveCfg = Release|Any CPU
		{FB7436E4-4008-4B3F-B59B-007AFFC9E725}.Ad-Hoc|iPhoneSimulator.Build.0 = Release|Any CPU
		{FB7436E4-4008-4B3F-B59B-007AFFC9E725}.Ad-Hoc|x64.ActiveCfg = Release|Any CPU
		{FB7436E4-4008-4B3F-B59B-007AFFC9E725}.Ad-Hoc|x64.Build.0 = Release|Any CPU
		{FB7436E4-4008-4B3F-B59B-007AFFC9E725}.Ad-Hoc|x86.ActiveCfg = Release|Any CPU
		{FB7436E4-4008-4B3F-B59B-007AFFC9E725}.Ad-Hoc|x86.Build.0 = Release|Any CPU
		{FB7436E4-4008-4B3F-B59B-007AFFC9E725}.AppStore|Any CPU.ActiveCfg = Release|Any CPU
		{FB7436E4-4008-4B3F-B59B-007AFFC9E725}.AppStore|Any CPU.Build.0 = Release|Any CPU
		{FB7436E4-4008-4B3F-B59B-007AFFC9E725}.AppStore|ARM.ActiveCfg = Release|Any CPU
		{FB7436E4-4008-4B3F-B59B-007AFFC9E725}.AppStore|ARM.Build.0 = Release|Any CPU
		{FB7436E4-4008-4B3F-B59B-007AFFC9E725}.AppStore|iPhone.ActiveCfg = Release|Any CPU
		{FB7436E4-4008-4B3F-B59B-007AFFC9E725}.AppStore|iPhone.Build.0 = Release|Any CPU
		{FB7436E4-4008-4B3F-B59B-007AFFC9E725}.AppStore|iPhoneSimulator.ActiveCfg = Release|Any CPU
		{FB7436E4-4008-4B3F-B59B-007AFFC9E725}.AppStore|iPhoneSimulator.Build.0 = Release|Any CPU
		{FB7436E4-4008-4B3F-B59B-007AFFC9E725}.AppStore|x64.ActiveCfg = Release|Any CPU
		{FB7436E4-4008-4B3F-B59B-007AFFC9E725}.AppStore|x64.Build.0 = Release|Any CPU
		{FB7436E4-4008-4B3F-B59B-007AFFC9E725}.AppStore|x86.ActiveCfg = Release|Any CPU
		{FB7436E4-4008-4B3F-B59B-007AFFC9E725}.AppStore|x86.Build.0 = Release|Any CPU
		{FB7436E4-4008-4B3F-B59B-007AFFC9E725}.Debug|Any CPU.ActiveCfg = Debug|Any CPU
		{FB7436E4-4008-4B3F-B59B-007AFFC9E725}.Debug|Any CPU.Build.0 = Debug|Any CPU
		{FB7436E4-4008-4B3F-B59B-007AFFC9E725}.Debug|ARM.ActiveCfg = Debug|Any CPU
		{FB7436E4-4008-4B3F-B59B-007AFFC9E725}.Debug|ARM.Build.0 = Debug|Any CPU
		{FB7436E4-4008-4B3F-B59B-007AFFC9E725}.Debug|iPhone.ActiveCfg = Debug|Any CPU
		{FB7436E4-4008-4B3F-B59B-007AFFC9E725}.Debug|iPhone.Build.0 = Debug|Any CPU
		{FB7436E4-4008-4B3F-B59B-007AFFC9E725}.Debug|iPhoneSimulator.ActiveCfg = Debug|Any CPU
		{FB7436E4-4008-4B3F-B59B-007AFFC9E725}.Debug|iPhoneSimulator.Build.0 = Debug|Any CPU
		{FB7436E4-4008-4B3F-B59B-007AFFC9E725}.Debug|x64.ActiveCfg = Debug|Any CPU
		{FB7436E4-4008-4B3F-B59B-007AFFC9E725}.Debug|x64.Build.0 = Debug|Any CPU
		{FB7436E4-4008-4B3F-B59B-007AFFC9E725}.Debug|x86.ActiveCfg = Debug|Any CPU
		{FB7436E4-4008-4B3F-B59B-007AFFC9E725}.Debug|x86.Build.0 = Debug|Any CPU
		{FB7436E4-4008-4B3F-B59B-007AFFC9E725}.Release|Any CPU.ActiveCfg = Release|Any CPU
		{FB7436E4-4008-4B3F-B59B-007AFFC9E725}.Release|Any CPU.Build.0 = Release|Any CPU
		{FB7436E4-4008-4B3F-B59B-007AFFC9E725}.Release|ARM.ActiveCfg = Release|Any CPU
		{FB7436E4-4008-4B3F-B59B-007AFFC9E725}.Release|ARM.Build.0 = Release|Any CPU
		{FB7436E4-4008-4B3F-B59B-007AFFC9E725}.Release|iPhone.ActiveCfg = Release|Any CPU
		{FB7436E4-4008-4B3F-B59B-007AFFC9E725}.Release|iPhone.Build.0 = Release|Any CPU
		{FB7436E4-4008-4B3F-B59B-007AFFC9E725}.Release|iPhoneSimulator.ActiveCfg = Release|Any CPU
		{FB7436E4-4008-4B3F-B59B-007AFFC9E725}.Release|iPhoneSimulator.Build.0 = Release|Any CPU
		{FB7436E4-4008-4B3F-B59B-007AFFC9E725}.Release|x64.ActiveCfg = Release|Any CPU
		{FB7436E4-4008-4B3F-B59B-007AFFC9E725}.Release|x64.Build.0 = Release|Any CPU
		{FB7436E4-4008-4B3F-B59B-007AFFC9E725}.Release|x86.ActiveCfg = Release|Any CPU
		{FB7436E4-4008-4B3F-B59B-007AFFC9E725}.Release|x86.Build.0 = Release|Any CPU
		{B61F5E69-A74A-40D7-9EA7-17A849E30E38}.Ad-Hoc|Any CPU.ActiveCfg = Release|x86
		{B61F5E69-A74A-40D7-9EA7-17A849E30E38}.Ad-Hoc|Any CPU.Build.0 = Release|x86
		{B61F5E69-A74A-40D7-9EA7-17A849E30E38}.Ad-Hoc|Any CPU.Deploy.0 = Release|x86
		{B61F5E69-A74A-40D7-9EA7-17A849E30E38}.Ad-Hoc|ARM.ActiveCfg = Release|ARM
		{B61F5E69-A74A-40D7-9EA7-17A849E30E38}.Ad-Hoc|ARM.Build.0 = Release|ARM
		{B61F5E69-A74A-40D7-9EA7-17A849E30E38}.Ad-Hoc|ARM.Deploy.0 = Release|ARM
		{B61F5E69-A74A-40D7-9EA7-17A849E30E38}.Ad-Hoc|iPhone.ActiveCfg = Release|x86
		{B61F5E69-A74A-40D7-9EA7-17A849E30E38}.Ad-Hoc|iPhone.Build.0 = Release|x86
		{B61F5E69-A74A-40D7-9EA7-17A849E30E38}.Ad-Hoc|iPhone.Deploy.0 = Release|x86
		{B61F5E69-A74A-40D7-9EA7-17A849E30E38}.Ad-Hoc|iPhoneSimulator.ActiveCfg = Release|x86
		{B61F5E69-A74A-40D7-9EA7-17A849E30E38}.Ad-Hoc|iPhoneSimulator.Build.0 = Release|x86
		{B61F5E69-A74A-40D7-9EA7-17A849E30E38}.Ad-Hoc|iPhoneSimulator.Deploy.0 = Release|x86
		{B61F5E69-A74A-40D7-9EA7-17A849E30E38}.Ad-Hoc|x64.ActiveCfg = Release|x64
		{B61F5E69-A74A-40D7-9EA7-17A849E30E38}.Ad-Hoc|x64.Build.0 = Release|x64
		{B61F5E69-A74A-40D7-9EA7-17A849E30E38}.Ad-Hoc|x64.Deploy.0 = Release|x64
		{B61F5E69-A74A-40D7-9EA7-17A849E30E38}.Ad-Hoc|x86.ActiveCfg = Release|x86
		{B61F5E69-A74A-40D7-9EA7-17A849E30E38}.Ad-Hoc|x86.Build.0 = Release|x86
		{B61F5E69-A74A-40D7-9EA7-17A849E30E38}.Ad-Hoc|x86.Deploy.0 = Release|x86
		{B61F5E69-A74A-40D7-9EA7-17A849E30E38}.AppStore|Any CPU.ActiveCfg = Release|x86
		{B61F5E69-A74A-40D7-9EA7-17A849E30E38}.AppStore|Any CPU.Build.0 = Release|x86
		{B61F5E69-A74A-40D7-9EA7-17A849E30E38}.AppStore|Any CPU.Deploy.0 = Release|x86
		{B61F5E69-A74A-40D7-9EA7-17A849E30E38}.AppStore|ARM.ActiveCfg = Release|ARM
		{B61F5E69-A74A-40D7-9EA7-17A849E30E38}.AppStore|ARM.Build.0 = Release|ARM
		{B61F5E69-A74A-40D7-9EA7-17A849E30E38}.AppStore|ARM.Deploy.0 = Release|ARM
		{B61F5E69-A74A-40D7-9EA7-17A849E30E38}.AppStore|iPhone.ActiveCfg = Release|x86
		{B61F5E69-A74A-40D7-9EA7-17A849E30E38}.AppStore|iPhone.Build.0 = Release|x86
		{B61F5E69-A74A-40D7-9EA7-17A849E30E38}.AppStore|iPhone.Deploy.0 = Release|x86
		{B61F5E69-A74A-40D7-9EA7-17A849E30E38}.AppStore|iPhoneSimulator.ActiveCfg = Release|x86
		{B61F5E69-A74A-40D7-9EA7-17A849E30E38}.AppStore|iPhoneSimulator.Build.0 = Release|x86
		{B61F5E69-A74A-40D7-9EA7-17A849E30E38}.AppStore|iPhoneSimulator.Deploy.0 = Release|x86
		{B61F5E69-A74A-40D7-9EA7-17A849E30E38}.AppStore|x64.ActiveCfg = Release|x64
		{B61F5E69-A74A-40D7-9EA7-17A849E30E38}.AppStore|x64.Build.0 = Release|x64
		{B61F5E69-A74A-40D7-9EA7-17A849E30E38}.AppStore|x64.Deploy.0 = Release|x64
		{B61F5E69-A74A-40D7-9EA7-17A849E30E38}.AppStore|x86.ActiveCfg = Release|x86
		{B61F5E69-A74A-40D7-9EA7-17A849E30E38}.AppStore|x86.Build.0 = Release|x86
		{B61F5E69-A74A-40D7-9EA7-17A849E30E38}.AppStore|x86.Deploy.0 = Release|x86
		{B61F5E69-A74A-40D7-9EA7-17A849E30E38}.Debug|Any CPU.ActiveCfg = Debug|x86
		{B61F5E69-A74A-40D7-9EA7-17A849E30E38}.Debug|ARM.ActiveCfg = Debug|ARM
		{B61F5E69-A74A-40D7-9EA7-17A849E30E38}.Debug|ARM.Build.0 = Debug|ARM
		{B61F5E69-A74A-40D7-9EA7-17A849E30E38}.Debug|ARM.Deploy.0 = Debug|ARM
		{B61F5E69-A74A-40D7-9EA7-17A849E30E38}.Debug|iPhone.ActiveCfg = Debug|x86
		{B61F5E69-A74A-40D7-9EA7-17A849E30E38}.Debug|iPhoneSimulator.ActiveCfg = Debug|x86
		{B61F5E69-A74A-40D7-9EA7-17A849E30E38}.Debug|x64.ActiveCfg = Debug|x64
		{B61F5E69-A74A-40D7-9EA7-17A849E30E38}.Debug|x64.Build.0 = Debug|x64
		{B61F5E69-A74A-40D7-9EA7-17A849E30E38}.Debug|x64.Deploy.0 = Debug|x64
		{B61F5E69-A74A-40D7-9EA7-17A849E30E38}.Debug|x86.ActiveCfg = Debug|x86
		{B61F5E69-A74A-40D7-9EA7-17A849E30E38}.Debug|x86.Build.0 = Debug|x86
		{B61F5E69-A74A-40D7-9EA7-17A849E30E38}.Debug|x86.Deploy.0 = Debug|x86
		{B61F5E69-A74A-40D7-9EA7-17A849E30E38}.Release|Any CPU.ActiveCfg = Release|x86
		{B61F5E69-A74A-40D7-9EA7-17A849E30E38}.Release|ARM.ActiveCfg = Release|ARM
		{B61F5E69-A74A-40D7-9EA7-17A849E30E38}.Release|ARM.Build.0 = Release|ARM
		{B61F5E69-A74A-40D7-9EA7-17A849E30E38}.Release|ARM.Deploy.0 = Release|ARM
		{B61F5E69-A74A-40D7-9EA7-17A849E30E38}.Release|iPhone.ActiveCfg = Release|x86
		{B61F5E69-A74A-40D7-9EA7-17A849E30E38}.Release|iPhoneSimulator.ActiveCfg = Release|x86
		{B61F5E69-A74A-40D7-9EA7-17A849E30E38}.Release|x64.ActiveCfg = Release|x64
		{B61F5E69-A74A-40D7-9EA7-17A849E30E38}.Release|x64.Build.0 = Release|x64
		{B61F5E69-A74A-40D7-9EA7-17A849E30E38}.Release|x64.Deploy.0 = Release|x64
		{B61F5E69-A74A-40D7-9EA7-17A849E30E38}.Release|x86.ActiveCfg = Release|x86
		{B61F5E69-A74A-40D7-9EA7-17A849E30E38}.Release|x86.Build.0 = Release|x86
		{B61F5E69-A74A-40D7-9EA7-17A849E30E38}.Release|x86.Deploy.0 = Release|x86
		{02A82DBC-5C3E-4FBF-AA3F-0CE4BDE3B0C6}.Ad-Hoc|Any CPU.ActiveCfg = Ad-Hoc|iPhone
		{02A82DBC-5C3E-4FBF-AA3F-0CE4BDE3B0C6}.Ad-Hoc|ARM.ActiveCfg = Ad-Hoc|iPhone
		{02A82DBC-5C3E-4FBF-AA3F-0CE4BDE3B0C6}.Ad-Hoc|iPhone.ActiveCfg = Ad-Hoc|iPhone
		{02A82DBC-5C3E-4FBF-AA3F-0CE4BDE3B0C6}.Ad-Hoc|iPhone.Build.0 = Ad-Hoc|iPhone
		{02A82DBC-5C3E-4FBF-AA3F-0CE4BDE3B0C6}.Ad-Hoc|iPhoneSimulator.ActiveCfg = Ad-Hoc|iPhoneSimulator
		{02A82DBC-5C3E-4FBF-AA3F-0CE4BDE3B0C6}.Ad-Hoc|iPhoneSimulator.Build.0 = Ad-Hoc|iPhoneSimulator
		{02A82DBC-5C3E-4FBF-AA3F-0CE4BDE3B0C6}.Ad-Hoc|x64.ActiveCfg = Ad-Hoc|iPhone
		{02A82DBC-5C3E-4FBF-AA3F-0CE4BDE3B0C6}.Ad-Hoc|x86.ActiveCfg = Ad-Hoc|iPhone
		{02A82DBC-5C3E-4FBF-AA3F-0CE4BDE3B0C6}.AppStore|Any CPU.ActiveCfg = AppStore|iPhone
		{02A82DBC-5C3E-4FBF-AA3F-0CE4BDE3B0C6}.AppStore|ARM.ActiveCfg = AppStore|iPhone
		{02A82DBC-5C3E-4FBF-AA3F-0CE4BDE3B0C6}.AppStore|iPhone.ActiveCfg = AppStore|iPhone
		{02A82DBC-5C3E-4FBF-AA3F-0CE4BDE3B0C6}.AppStore|iPhone.Build.0 = AppStore|iPhone
		{02A82DBC-5C3E-4FBF-AA3F-0CE4BDE3B0C6}.AppStore|iPhoneSimulator.ActiveCfg = AppStore|iPhoneSimulator
		{02A82DBC-5C3E-4FBF-AA3F-0CE4BDE3B0C6}.AppStore|iPhoneSimulator.Build.0 = AppStore|iPhoneSimulator
		{02A82DBC-5C3E-4FBF-AA3F-0CE4BDE3B0C6}.AppStore|x64.ActiveCfg = AppStore|iPhone
		{02A82DBC-5C3E-4FBF-AA3F-0CE4BDE3B0C6}.AppStore|x86.ActiveCfg = AppStore|iPhone
		{02A82DBC-5C3E-4FBF-AA3F-0CE4BDE3B0C6}.Debug|Any CPU.ActiveCfg = Debug|iPhone
		{02A82DBC-5C3E-4FBF-AA3F-0CE4BDE3B0C6}.Debug|ARM.ActiveCfg = Debug|iPhone
		{02A82DBC-5C3E-4FBF-AA3F-0CE4BDE3B0C6}.Debug|iPhone.ActiveCfg = Debug|iPhone
		{02A82DBC-5C3E-4FBF-AA3F-0CE4BDE3B0C6}.Debug|iPhone.Build.0 = Debug|iPhone
		{02A82DBC-5C3E-4FBF-AA3F-0CE4BDE3B0C6}.Debug|iPhoneSimulator.ActiveCfg = Debug|iPhoneSimulator
		{02A82DBC-5C3E-4FBF-AA3F-0CE4BDE3B0C6}.Debug|iPhoneSimulator.Build.0 = Debug|iPhoneSimulator
		{02A82DBC-5C3E-4FBF-AA3F-0CE4BDE3B0C6}.Debug|x64.ActiveCfg = Debug|iPhone
		{02A82DBC-5C3E-4FBF-AA3F-0CE4BDE3B0C6}.Debug|x86.ActiveCfg = Debug|iPhone
		{02A82DBC-5C3E-4FBF-AA3F-0CE4BDE3B0C6}.Release|Any CPU.ActiveCfg = Release|iPhone
		{02A82DBC-5C3E-4FBF-AA3F-0CE4BDE3B0C6}.Release|ARM.ActiveCfg = Release|iPhone
		{02A82DBC-5C3E-4FBF-AA3F-0CE4BDE3B0C6}.Release|iPhone.ActiveCfg = Release|iPhone
		{02A82DBC-5C3E-4FBF-AA3F-0CE4BDE3B0C6}.Release|iPhone.Build.0 = Release|iPhone
		{02A82DBC-5C3E-4FBF-AA3F-0CE4BDE3B0C6}.Release|iPhoneSimulator.ActiveCfg = Release|iPhoneSimulator
		{02A82DBC-5C3E-4FBF-AA3F-0CE4BDE3B0C6}.Release|iPhoneSimulator.Build.0 = Release|iPhoneSimulator
		{02A82DBC-5C3E-4FBF-AA3F-0CE4BDE3B0C6}.Release|x64.ActiveCfg = Release|iPhone
		{02A82DBC-5C3E-4FBF-AA3F-0CE4BDE3B0C6}.Release|x86.ActiveCfg = Release|iPhone
	EndGlobalSection
	GlobalSection(SolutionProperties) = preSolution
		HideSolutionNode = FALSE
	EndGlobalSection
	GlobalSection(ExtensibilityGlobals) = postSolution
		SolutionGuid = {8ED0E0F2-8951-405E-A08F-6664325F56F8}
	EndGlobalSection
EndGlobal
